
Microsoft Visual Studio Solution File, Format Version 12.00
# Visual Studio 15
VisualStudioVersion = 15.0.28307.329
MinimumVisualStudioVersion = 10.0.40219.1
Project("{FAE04EC0-301F-11D3-BF4B-00C04F79EFBC}") = "task2.3", "task2.3\task2.3.csproj", "{4607854D-8830-4E7A-A254-8681C317506F}"
EndProject
Global
	GlobalSection(SolutionConfigurationPlatforms) = preSolution
		Debug|Any CPU = Debug|Any CPU
		Release|Any CPU = Release|Any CPU
	EndGlobalSection
	GlobalSection(ProjectConfigurationPlatforms) = postSolution
		{4607854D-8830-4E7A-A254-8681C317506F}.Debug|Any CPU.ActiveCfg = Debug|Any CPU
		{4607854D-8830-4E7A-A254-8681C317506F}.Debug|Any CPU.Build.0 = Debug|Any CPU
		{4607854D-8830-4E7A-A254-8681C317506F}.Release|Any CPU.ActiveCfg = Release|Any CPU
		{4607854D-8830-4E7A-A254-8681C317506F}.Release|Any CPU.Build.0 = Release|Any CPU
	EndGlobalSection
	GlobalSection(SolutionProperties) = preSolution
		HideSolutionNode = FALSE
	EndGlobalSection
	GlobalSection(ExtensibilityGlobals) = postSolution
		SolutionGuid = {D73C6261-7DB1-43C9-8E4E-3AEC586F9E7B}
	EndGlobalSection
EndGlobal
